# This file is @generated by PDM.
# It is not intended for manual editing.

[metadata]
groups = ["default"]
strategy = ["cross_platform"]
lock_version = "4.4"
content_hash = "sha256:cb8145f2735e46bd1ae5a762bce28587c6f9aaa1d95506ca278b1e036b26c1ea"

[[package]]
name = "protobuf"
version = "5.26.1"
requires_python = ">=3.8"
summary = ""
files = [
    {file = "protobuf-5.26.1-cp310-abi3-win32.whl", hash = "sha256:3c388ea6ddfe735f8cf69e3f7dc7611e73107b60bdfcf5d0f024c3ccd3794e23"},
    {file = "protobuf-5.26.1-cp310-abi3-win_amd64.whl", hash = "sha256:e6039957449cb918f331d32ffafa8eb9255769c96aa0560d9a5bf0b4e00a2a33"},
    {file = "protobuf-5.26.1-cp37-abi3-macosx_10_9_universal2.whl", hash = "sha256:38aa5f535721d5bb99861166c445c4105c4e285c765fbb2ac10f116e32dcd46d"},
    {file = "protobuf-5.26.1-cp37-abi3-manylinux2014_aarch64.whl", hash = "sha256:fbfe61e7ee8c1860855696e3ac6cfd1b01af5498facc6834fcc345c9684fb2ca"},
    {file = "protobuf-5.26.1-cp37-abi3-manylinux2014_x86_64.whl", hash = "sha256:f7417703f841167e5a27d48be13389d52ad705ec09eade63dfc3180a959215d7"},
    {file = "protobuf-5.26.1-py3-none-any.whl", hash = "sha256:da612f2720c0183417194eeaa2523215c4fcc1a1949772dc65f05047e08d5932"},
    {file = "protobuf-5.26.1.tar.gz", hash = "sha256:8ca2a1d97c290ec7b16e4e5dff2e5ae150cc1582f55b5ab300d45cb0dfa90e51"},
]

[[package]]
name = "temporalio"
version = "1.5.1"
requires_python = ">=3.8,<4.0"
summary = "Temporal.io Python SDK"
dependencies = [
    "protobuf>=3.20",
    "types-protobuf>=3.20",
    "typing-extensions<5.0.0,>=4.2.0",
]
files = [
    {file = "temporalio-1.5.1-cp38-abi3-macosx_10_9_x86_64.whl", hash = "sha256:cd1f8930787c728e30ca2fecf86175cafd1781d97e3ee7cdf6e41915c566a835"},
    {file = "temporalio-1.5.1-cp38-abi3-macosx_11_0_arm64.whl", hash = "sha256:2b3765e0b6b0ef0b670cf39720a80280fd35be2444633c715b741d2b5428ceb6"},
    {file = "temporalio-1.5.1-cp38-abi3-manylinux2014_aarch64.manylinux_2_17_aarch64.whl", hash = "sha256:47149204b6430c8553d5dd6dfe2fbc6830bf6fd8ab08463ee4c97885c68f3082"},
    {file = "temporalio-1.5.1-cp38-abi3-manylinux2014_x86_64.manylinux_2_17_x86_64.whl", hash = "sha256:1167f6fc31355170cdb4f5f7b89f0f7e36c54d0aecb0ee9aa611f73e32db7d78"},
    {file = "temporalio-1.5.1-cp38-abi3-win_amd64.whl", hash = "sha256:15d36d2038b0ac33511163619bea7ead6f10aca3db5bad4b9d464d3fa0f4ff48"},
    {file = "temporalio-1.5.1.tar.gz", hash = "sha256:4c7bbc8a3e8df1ffc0c7d213bdcad26ae055bdd615567ce1ca4bfa9f28f831b8"},
]

[[package]]
name = "types-protobuf"
version = "5.26.0.20240422"
requires_python = ">=3.8"
summary = "Typing stubs for protobuf"
files = [
    {file = "types-protobuf-5.26.0.20240422.tar.gz", hash = "sha256:e6074178109f97efe9f0b20a035ba61d7c3b03e867eb47d254d2b2ab6a805e36"},
    {file = "types_protobuf-5.26.0.20240422-py3-none-any.whl", hash = "sha256:e4dc2554d342501d5aebc3c71203868b51118340e105fc190e3a64ca1be43831"},
]

[[package]]
name = "typing-extensions"
version = "4.11.0"
requires_python = ">=3.8"
summary = "Backported and Experimental Type Hints for Python 3.8+"
files = [
    {file = "typing_extensions-4.11.0-py3-none-any.whl", hash = "sha256:c1f94d72897edaf4ce775bb7558d5b79d8126906a14ea5ed1635921406c0387a"},
    {file = "typing_extensions-4.11.0.tar.gz", hash = "sha256:83f085bd5ca59c80295fc2a82ab5dac679cbe02b9f33f7d83af68e241bea51b0"},
]
